
Microsoft Visual Studio Solution File, Format Version 11.00
# Visual Studio 2010
Project("{FAE04EC0-301F-11D3-BF4B-00C04F79EFBC}") = "CallParser", "CallParser\CallParser.csproj", "{5911B516-F5B4-43CA-B6A8-9CCFF9486A6F}"
EndProject
Global
	GlobalSection(SolutionConfigurationPlatforms) = preSolution
		Debug|x86 = Debug|x86
		Release|x86 = Release|x86
	EndGlobalSection
	GlobalSection(ProjectConfigurationPlatforms) = postSolution
		{5911B516-F5B4-43CA-B6A8-9CCFF9486A6F}.Debug|x86.ActiveCfg = Debug|x86
		{5911B516-F5B4-43CA-B6A8-9CCFF9486A6F}.Debug|x86.Build.0 = Debug|x86
		{5911B516-F5B4-43CA-B6A8-9CCFF9486A6F}.Release|x86.ActiveCfg = Release|x86
		{5911B516-F5B4-43CA-B6A8-9CCFF9486A6F}.Release|x86.Build.0 = Release|x86
	EndGlobalSection
	GlobalSection(SolutionProperties) = preSolution
		HideSolutionNode = FALSE
	EndGlobalSection
EndGlobal
