
Microsoft Visual Studio Solution File, Format Version 11.00
# Visual Studio 2010
Project("{FAE04EC0-301F-11D3-BF4B-00C04F79EFBC}") = "Autostub", "Autostub\Autostub.csproj", "{666BC19E-2209-41A0-A3FF-DD559279AFE3}"
EndProject
Project("{2150E333-8FDC-42A3-9474-1A3956D46DE8}") = "lib", "lib", "{D5D3B43D-7A14-47E5-9890-A4832D5363EF}"
	ProjectSection(SolutionItems) = preProject
		..\lib\Microsoft.Practices.Unity.Configuration.dll = ..\lib\Microsoft.Practices.Unity.Configuration.dll
		..\lib\Microsoft.Practices.Unity.Configuration.xml = ..\lib\Microsoft.Practices.Unity.Configuration.xml
		..\lib\Microsoft.Practices.Unity.dll = ..\lib\Microsoft.Practices.Unity.dll
		..\lib\Microsoft.Practices.Unity.Interception.Configuration.dll = ..\lib\Microsoft.Practices.Unity.Interception.Configuration.dll
		..\lib\Microsoft.Practices.Unity.Interception.Configuration.xml = ..\lib\Microsoft.Practices.Unity.Interception.Configuration.xml
		..\lib\Microsoft.Practices.Unity.Interception.dll = ..\lib\Microsoft.Practices.Unity.Interception.dll
		..\lib\Microsoft.Practices.Unity.Interception.xml = ..\lib\Microsoft.Practices.Unity.Interception.xml
		..\lib\Microsoft.Practices.Unity.xml = ..\lib\Microsoft.Practices.Unity.xml
	EndProjectSection
EndProject
Project("{FAE04EC0-301F-11D3-BF4B-00C04F79EFBC}") = "FastReflection", "FastReflection\FastReflection.csproj", "{1AF37CCA-5D63-4186-B78F-646701E075C4}"
EndProject
Global
	GlobalSection(SolutionConfigurationPlatforms) = preSolution
		Debug|Any CPU = Debug|Any CPU
		Release|Any CPU = Release|Any CPU
	EndGlobalSection
	GlobalSection(ProjectConfigurationPlatforms) = postSolution
		{666BC19E-2209-41A0-A3FF-DD559279AFE3}.Debug|Any CPU.ActiveCfg = Debug|Any CPU
		{666BC19E-2209-41A0-A3FF-DD559279AFE3}.Debug|Any CPU.Build.0 = Debug|Any CPU
		{666BC19E-2209-41A0-A3FF-DD559279AFE3}.Release|Any CPU.ActiveCfg = Release|Any CPU
		{666BC19E-2209-41A0-A3FF-DD559279AFE3}.Release|Any CPU.Build.0 = Release|Any CPU
		{1AF37CCA-5D63-4186-B78F-646701E075C4}.Debug|Any CPU.ActiveCfg = Debug|Any CPU
		{1AF37CCA-5D63-4186-B78F-646701E075C4}.Debug|Any CPU.Build.0 = Debug|Any CPU
		{1AF37CCA-5D63-4186-B78F-646701E075C4}.Release|Any CPU.ActiveCfg = Release|Any CPU
		{1AF37CCA-5D63-4186-B78F-646701E075C4}.Release|Any CPU.Build.0 = Release|Any CPU
	EndGlobalSection
	GlobalSection(SolutionProperties) = preSolution
		HideSolutionNode = FALSE
	EndGlobalSection
EndGlobal
